
Microsoft Visual Studio Solution File, Format Version 12.00
# Visual Studio Version 16
VisualStudioVersion = 25.0.1706.8
MinimumVisualStudioVersion = 10.0.40219.1
Project("{FAE04EC0-301F-11D3-BF4B-00C04F79EFBC}") = "NorthWind.Sales.Entities", "NorthWind.Sales.Entities\NorthWind.Sales.Entities.csproj", "{6246AE2A-5CD2-4E62-8E93-99008EFBFAE6}"
EndProject
Project("{FAE04EC0-301F-11D3-BF4B-00C04F79EFBC}") = "NorthWind.Sales.Backend.BusinessObjects", "NorthWind.Sales.Backend.BusinessObjects\NorthWind.Sales.Backend.BusinessObjects.csproj", "{9370D7B5-DB02-4F61-B495-121586C8531C}"
EndProject
Project("{FAE04EC0-301F-11D3-BF4B-00C04F79EFBC}") = "NorthWind.Sales.Backend.UseCases", "NorthWind.Sales.Backend.UseCases\NorthWind.Sales.Backend.UseCases.csproj", "{17072BA0-D7B1-4B0B-BBB8-4AF482A62C4C}"
EndProject
Project("{FAE04EC0-301F-11D3-BF4B-00C04F79EFBC}") = "NorthWind.Sales.Backend.Repositories", "NorthWind.Sales.Backend.Repositories\NorthWind.Sales.Backend.Repositories.csproj", "{0AF10E6F-E8D5-4EC2-B8FA-25294EDB6D08}"
EndProject
Project("{FAE04EC0-301F-11D3-BF4B-00C04F79EFBC}") = "NorthWind.Sales.Backend.Presenters", "NorthWind.Sales.Backend.Presenters\NorthWind.Sales.Backend.Presenters.csproj", "{9423ACB9-DAE6-4271-8EAB-E4343E6CDA05}"
EndProject
Project("{FAE04EC0-301F-11D3-BF4B-00C04F79EFBC}") = "NorthWind.Sales.Backend.Controllers", "NorthWind.Sales.Backend.Controllers\NorthWind.Sales.Backend.Controllers.csproj", "{56C7DD7F-49B5-4045-A713-69249AB77F1D}"
EndProject
Project("{FAE04EC0-301F-11D3-BF4B-00C04F79EFBC}") = "NorthWind.Sales.Backend.DataContexts.EFCore", "NorthWind.Sales.Backend.DataContexts.EFCore\NorthWind.Sales.Backend.DataContexts.EFCore.csproj", "{4CFDC479-F8F5-42B3-8F19-14965DC14465}"
EndProject
Project("{FAE04EC0-301F-11D3-BF4B-00C04F79EFBC}") = "NorthWind.Sales.Backend.IoC", "NorthWind.Sales.Backend.IoC\NorthWind.Sales.Backend.IoC.csproj", "{00F58E09-D8B4-4501-8CD9-4BCA2C1F2C13}"
EndProject
Project("{FAE04EC0-301F-11D3-BF4B-00C04F79EFBC}") = "NorthWind.Sales.WebApi", "NorthWind.Sales.WebApi\NorthWind.Sales.WebApi.csproj", "{1D6731FA-283F-4597-82E3-5B08A0CDB9F7}"
EndProject
Project("{FAE04EC0-301F-11D3-BF4B-00C04F79EFBC}") = "NorthWind.Sales.Frontend.BusinessObjects", "NorthWind.Sales.Frontend.BusinessObjects\NorthWind.Sales.Frontend.BusinessObjects.csproj", "{DCCFF58E-2D34-416D-B81E-73730449D3F5}"
EndProject
Project("{FAE04EC0-301F-11D3-BF4B-00C04F79EFBC}") = "NorthWind.Sales.Frontend.WebApiGateways", "NorthWind.Sales.Frontend.WebApiGateways\NorthWind.Sales.Frontend.WebApiGateways.csproj", "{37E9B3B2-0A2A-4AB0-A6EC-06172AF44BF4}"
EndProject
Project("{FAE04EC0-301F-11D3-BF4B-00C04F79EFBC}") = "NorthWind.RazorComponents", "NorthWind.RazorComponents\NorthWind.RazorComponents.csproj", "{FFA8BB15-E62C-458E-AC06-9CBE1C441B3C}"
EndProject
Project("{FAE04EC0-301F-11D3-BF4B-00C04F79EFBC}") = "NorthWind.Sales.Frontend.Views", "NorthWind.Sales.Frontend.Views\NorthWind.Sales.Frontend.Views.csproj", "{02F28360-DD6D-4269-9A53-D00D5EDF6DBF}"
EndProject
Project("{FAE04EC0-301F-11D3-BF4B-00C04F79EFBC}") = "NorthWind.Sales.Frontend.IoC", "NorthWind.Sales.Frontend.IoC\NorthWind.Sales.Frontend.IoC.csproj", "{7DC9C00C-6692-42C6-AA48-A13EB9449784}"
EndProject
Project("{FAE04EC0-301F-11D3-BF4B-00C04F79EFBC}") = "NorthWind.Sales.BlazorClient", "NorthWind.Sales.BlazorClient\NorthWind.Sales.BlazorClient.csproj", "{9CB344E2-4FFB-4A61-A003-CFCE1574B732}"
EndProject
Project("{FAE04EC0-301F-11D3-BF4B-00C04F79EFBC}") = "NorthWind.Validation.Entities", "NorthWind.Validation.Entities\NorthWind.Validation.Entities.csproj", "{7329B776-EA1E-4160-B549-421BC78BCEDE}"
EndProject
Project("{FAE04EC0-301F-11D3-BF4B-00C04F79EFBC}") = "NorthWind.ValidationService.FluentValidation", "NorthWind.ValidationService.FluentValidation\NorthWind.ValidationService.FluentValidation.csproj", "{3B33E5F7-9B0E-408F-B800-43D04037AB82}"
EndProject
Project("{FAE04EC0-301F-11D3-BF4B-00C04F79EFBC}") = "NorthWind.Sales.Validators.Entities", "NorthWind.Sales.Validators.Entities\NorthWind.Sales.Validators.Entities.csproj", "{21836DE1-713C-4B3F-B321-1891E9348B15}"
EndProject
Project("{FAE04EC0-301F-11D3-BF4B-00C04F79EFBC}") = "NorthWind.Exceptions.Entities", "NorthWind.Exceptions.Entities\NorthWind.Exceptions.Entities.csproj", "{4C49B6F1-9D3F-479F-B075-121BA61A2FF0}"
EndProject
Project("{FAE04EC0-301F-11D3-BF4B-00C04F79EFBC}") = "NorthWind.HttpDelegatingHandlers", "NorthWind.HttpDelegatingHandlers\NorthWind.HttpDelegatingHandlers.csproj", "{351B8B64-4E9D-48A5-8F84-33D3982A940B}"
EndProject
Project("{2150E333-8FDC-42A3-9474-1A3956D46DE8}") = "1. Enterprise Business Rules", "1. Enterprise Business Rules", "{E73D1834-6B9B-4999-9235-4467C9B21B16}"
EndProject
Project("{2150E333-8FDC-42A3-9474-1A3956D46DE8}") = "2. Application Business Rules", "2. Application Business Rules", "{8F03998F-A1F9-468E-B119-D9675ED30715}"
EndProject
Project("{2150E333-8FDC-42A3-9474-1A3956D46DE8}") = "3. Interface Adapters", "3. Interface Adapters", "{FF9BFFED-F983-40FE-8E4D-D082F77BF32F}"
EndProject
Project("{2150E333-8FDC-42A3-9474-1A3956D46DE8}") = "Controllers", "Controllers", "{FA604CB0-4DDA-4B56-9EB8-0616A2DBE8C2}"
EndProject
Project("{2150E333-8FDC-42A3-9474-1A3956D46DE8}") = "Gateways", "Gateways", "{A2E5FC6F-0D51-48A5-98A6-EB93CE5F613B}"
EndProject
Project("{2150E333-8FDC-42A3-9474-1A3956D46DE8}") = "Presenters", "Presenters", "{2BA85AB1-4AF3-43AE-9132-E6B93EF48DDE}"
EndProject
Project("{2150E333-8FDC-42A3-9474-1A3956D46DE8}") = "Views", "Views", "{F230DB59-9EC2-462D-87F6-D72FC0A0141E}"
EndProject
Project("{2150E333-8FDC-42A3-9474-1A3956D46DE8}") = "Repositories", "Repositories", "{2E3BE1F1-FB30-46BC-9CB9-3E7A939C5706}"
EndProject
Project("{2150E333-8FDC-42A3-9474-1A3956D46DE8}") = "WebApiGateways", "WebApiGateways", "{66CF5D38-D283-47F1-8810-7E18EFC6DE67}"
EndProject
Project("{2150E333-8FDC-42A3-9474-1A3956D46DE8}") = "4. Frameworks And Drivers", "4. Frameworks And Drivers", "{0E96DDD7-3B9A-4227-9428-9511C3CE0BBF}"
EndProject
Project("{2150E333-8FDC-42A3-9474-1A3956D46DE8}") = "Frameworks", "Frameworks", "{93BC7F18-F9C8-4DF9-9516-A23A605C7D63}"
EndProject
Project("{2150E333-8FDC-42A3-9474-1A3956D46DE8}") = "IoC", "IoC", "{EB99AA08-CE71-405E-88BF-ED057148E167}"
EndProject
Project("{2150E333-8FDC-42A3-9474-1A3956D46DE8}") = "Libraries", "Libraries", "{2C4CD20D-51C4-45BC-8C00-970ABD8B03BE}"
EndProject
Project("{2150E333-8FDC-42A3-9474-1A3956D46DE8}") = "UI", "UI", "{36333C8F-1A90-4986-BB1D-D8326D8508E0}"
EndProject
Project("{2150E333-8FDC-42A3-9474-1A3956D46DE8}") = "DataContexts", "DataContexts", "{0928F64F-2F79-4082-9282-7B2FD5F125FE}"
EndProject
Project("{FAE04EC0-301F-11D3-BF4B-00C04F79EFBC}") = "NorthWind.Events", "NorthWind.Events\NorthWind.Events.csproj", "{6622CE8F-93D7-490C-A35C-E0779A2D3E0C}"
EndProject
Project("{2150E333-8FDC-42A3-9474-1A3956D46DE8}") = "EmailGateways", "EmailGateways", "{F0574BAF-C4B0-4A3E-AF5B-5B18616B74A6}"
EndProject
Project("{FAE04EC0-301F-11D3-BF4B-00C04F79EFBC}") = "NorthWind.Sales.Backend.SmtpGateways", "NorthWind.Sales.Backend.SmtpGateways\NorthWind.Sales.Backend.SmtpGateways.csproj", "{6D43FBBB-6CF4-4DD3-97F0-3A2E47B1893D}"
EndProject
Project("{FAE04EC0-301F-11D3-BF4B-00C04F79EFBC}") = "NorthWind.DomainLogs.Entities", "NorthWind.DomainLogs.Entities\NorthWind.DomainLogs.Entities.csproj", "{17740CD9-54C1-454F-8294-A5E58E8C22D8}"
EndProject
Project("{FAE04EC0-301F-11D3-BF4B-00C04F79EFBC}") = "NorthWind.Entities", "NorthWind.Entities\NorthWind.Entities.csproj", "{452F9E66-3DBB-4772-972E-DF8A3BFE90F4}"
EndProject
Project("{FAE04EC0-301F-11D3-BF4B-00C04F79EFBC}") = "NorthWind.Transactions.Entities", "NorthWind.Transactions.Entities\NorthWind.Transactions.Entities.csproj", "{C9DD2DB9-042D-4BE7-8488-A7BD0178199B}"
EndProject
Project("{FAE04EC0-301F-11D3-BF4B-00C04F79EFBC}") = "NorthWind.UserServices", "NorthWind.UserServices\NorthWind.UserServices.csproj", "{6CB8F094-2E45-4BBE-95D7-8003A2F9ABE0}"
EndProject
Global
	GlobalSection(SolutionConfigurationPlatforms) = preSolution
		Debug|Any CPU = Debug|Any CPU
		Release|Any CPU = Release|Any CPU
	EndGlobalSection
	GlobalSection(ProjectConfigurationPlatforms) = postSolution
		{6246AE2A-5CD2-4E62-8E93-99008EFBFAE6}.Debug|Any CPU.ActiveCfg = Debug|Any CPU
		{6246AE2A-5CD2-4E62-8E93-99008EFBFAE6}.Debug|Any CPU.Build.0 = Debug|Any CPU
		{6246AE2A-5CD2-4E62-8E93-99008EFBFAE6}.Release|Any CPU.ActiveCfg = Release|Any CPU
		{6246AE2A-5CD2-4E62-8E93-99008EFBFAE6}.Release|Any CPU.Build.0 = Release|Any CPU
		{9370D7B5-DB02-4F61-B495-121586C8531C}.Debug|Any CPU.ActiveCfg = Debug|Any CPU
		{9370D7B5-DB02-4F61-B495-121586C8531C}.Debug|Any CPU.Build.0 = Debug|Any CPU
		{9370D7B5-DB02-4F61-B495-121586C8531C}.Release|Any CPU.ActiveCfg = Release|Any CPU
		{9370D7B5-DB02-4F61-B495-121586C8531C}.Release|Any CPU.Build.0 = Release|Any CPU
		{17072BA0-D7B1-4B0B-BBB8-4AF482A62C4C}.Debug|Any CPU.ActiveCfg = Debug|Any CPU
		{17072BA0-D7B1-4B0B-BBB8-4AF482A62C4C}.Debug|Any CPU.Build.0 = Debug|Any CPU
		{17072BA0-D7B1-4B0B-BBB8-4AF482A62C4C}.Release|Any CPU.ActiveCfg = Release|Any CPU
		{17072BA0-D7B1-4B0B-BBB8-4AF482A62C4C}.Release|Any CPU.Build.0 = Release|Any CPU
		{0AF10E6F-E8D5-4EC2-B8FA-25294EDB6D08}.Debug|Any CPU.ActiveCfg = Debug|Any CPU
		{0AF10E6F-E8D5-4EC2-B8FA-25294EDB6D08}.Debug|Any CPU.Build.0 = Debug|Any CPU
		{0AF10E6F-E8D5-4EC2-B8FA-25294EDB6D08}.Release|Any CPU.ActiveCfg = Release|Any CPU
		{0AF10E6F-E8D5-4EC2-B8FA-25294EDB6D08}.Release|Any CPU.Build.0 = Release|Any CPU
		{9423ACB9-DAE6-4271-8EAB-E4343E6CDA05}.Debug|Any CPU.ActiveCfg = Debug|Any CPU
		{9423ACB9-DAE6-4271-8EAB-E4343E6CDA05}.Debug|Any CPU.Build.0 = Debug|Any CPU
		{9423ACB9-DAE6-4271-8EAB-E4343E6CDA05}.Release|Any CPU.ActiveCfg = Release|Any CPU
		{9423ACB9-DAE6-4271-8EAB-E4343E6CDA05}.Release|Any CPU.Build.0 = Release|Any CPU
		{56C7DD7F-49B5-4045-A713-69249AB77F1D}.Debug|Any CPU.ActiveCfg = Debug|Any CPU
		{56C7DD7F-49B5-4045-A713-69249AB77F1D}.Debug|Any CPU.Build.0 = Debug|Any CPU
		{56C7DD7F-49B5-4045-A713-69249AB77F1D}.Release|Any CPU.ActiveCfg = Release|Any CPU
		{56C7DD7F-49B5-4045-A713-69249AB77F1D}.Release|Any CPU.Build.0 = Release|Any CPU
		{4CFDC479-F8F5-42B3-8F19-14965DC14465}.Debug|Any CPU.ActiveCfg = Debug|Any CPU
		{4CFDC479-F8F5-42B3-8F19-14965DC14465}.Debug|Any CPU.Build.0 = Debug|Any CPU
		{4CFDC479-F8F5-42B3-8F19-14965DC14465}.Release|Any CPU.ActiveCfg = Release|Any CPU
		{4CFDC479-F8F5-42B3-8F19-14965DC14465}.Release|Any CPU.Build.0 = Release|Any CPU
		{00F58E09-D8B4-4501-8CD9-4BCA2C1F2C13}.Debug|Any CPU.ActiveCfg = Debug|Any CPU
		{00F58E09-D8B4-4501-8CD9-4BCA2C1F2C13}.Debug|Any CPU.Build.0 = Debug|Any CPU
		{00F58E09-D8B4-4501-8CD9-4BCA2C1F2C13}.Release|Any CPU.ActiveCfg = Release|Any CPU
		{00F58E09-D8B4-4501-8CD9-4BCA2C1F2C13}.Release|Any CPU.Build.0 = Release|Any CPU
		{1D6731FA-283F-4597-82E3-5B08A0CDB9F7}.Debug|Any CPU.ActiveCfg = Debug|Any CPU
		{1D6731FA-283F-4597-82E3-5B08A0CDB9F7}.Debug|Any CPU.Build.0 = Debug|Any CPU
		{1D6731FA-283F-4597-82E3-5B08A0CDB9F7}.Release|Any CPU.ActiveCfg = Release|Any CPU
		{1D6731FA-283F-4597-82E3-5B08A0CDB9F7}.Release|Any CPU.Build.0 = Release|Any CPU
		{DCCFF58E-2D34-416D-B81E-73730449D3F5}.Debug|Any CPU.ActiveCfg = Debug|Any CPU
		{DCCFF58E-2D34-416D-B81E-73730449D3F5}.Debug|Any CPU.Build.0 = Debug|Any CPU
		{DCCFF58E-2D34-416D-B81E-73730449D3F5}.Release|Any CPU.ActiveCfg = Release|Any CPU
		{DCCFF58E-2D34-416D-B81E-73730449D3F5}.Release|Any CPU.Build.0 = Release|Any CPU
		{37E9B3B2-0A2A-4AB0-A6EC-06172AF44BF4}.Debug|Any CPU.ActiveCfg = Debug|Any CPU
		{37E9B3B2-0A2A-4AB0-A6EC-06172AF44BF4}.Debug|Any CPU.Build.0 = Debug|Any CPU
		{37E9B3B2-0A2A-4AB0-A6EC-06172AF44BF4}.Release|Any CPU.ActiveCfg = Release|Any CPU
		{37E9B3B2-0A2A-4AB0-A6EC-06172AF44BF4}.Release|Any CPU.Build.0 = Release|Any CPU
		{FFA8BB15-E62C-458E-AC06-9CBE1C441B3C}.Debug|Any CPU.ActiveCfg = Debug|Any CPU
		{FFA8BB15-E62C-458E-AC06-9CBE1C441B3C}.Debug|Any CPU.Build.0 = Debug|Any CPU
		{FFA8BB15-E62C-458E-AC06-9CBE1C441B3C}.Release|Any CPU.ActiveCfg = Release|Any CPU
		{FFA8BB15-E62C-458E-AC06-9CBE1C441B3C}.Release|Any CPU.Build.0 = Release|Any CPU
		{02F28360-DD6D-4269-9A53-D00D5EDF6DBF}.Debug|Any CPU.ActiveCfg = Debug|Any CPU
		{02F28360-DD6D-4269-9A53-D00D5EDF6DBF}.Debug|Any CPU.Build.0 = Debug|Any CPU
		{02F28360-DD6D-4269-9A53-D00D5EDF6DBF}.Release|Any CPU.ActiveCfg = Release|Any CPU
		{02F28360-DD6D-4269-9A53-D00D5EDF6DBF}.Release|Any CPU.Build.0 = Release|Any CPU
		{7DC9C00C-6692-42C6-AA48-A13EB9449784}.Debug|Any CPU.ActiveCfg = Debug|Any CPU
		{7DC9C00C-6692-42C6-AA48-A13EB9449784}.Debug|Any CPU.Build.0 = Debug|Any CPU
		{7DC9C00C-6692-42C6-AA48-A13EB9449784}.Release|Any CPU.ActiveCfg = Release|Any CPU
		{7DC9C00C-6692-42C6-AA48-A13EB9449784}.Release|Any CPU.Build.0 = Release|Any CPU
		{9CB344E2-4FFB-4A61-A003-CFCE1574B732}.Debug|Any CPU.ActiveCfg = Debug|Any CPU
		{9CB344E2-4FFB-4A61-A003-CFCE1574B732}.Debug|Any CPU.Build.0 = Debug|Any CPU
		{9CB344E2-4FFB-4A61-A003-CFCE1574B732}.Release|Any CPU.ActiveCfg = Release|Any CPU
		{9CB344E2-4FFB-4A61-A003-CFCE1574B732}.Release|Any CPU.Build.0 = Release|Any CPU
		{7329B776-EA1E-4160-B549-421BC78BCEDE}.Debug|Any CPU.ActiveCfg = Debug|Any CPU
		{7329B776-EA1E-4160-B549-421BC78BCEDE}.Debug|Any CPU.Build.0 = Debug|Any CPU
		{7329B776-EA1E-4160-B549-421BC78BCEDE}.Release|Any CPU.ActiveCfg = Release|Any CPU
		{7329B776-EA1E-4160-B549-421BC78BCEDE}.Release|Any CPU.Build.0 = Release|Any CPU
		{3B33E5F7-9B0E-408F-B800-43D04037AB82}.Debug|Any CPU.ActiveCfg = Debug|Any CPU
		{3B33E5F7-9B0E-408F-B800-43D04037AB82}.Debug|Any CPU.Build.0 = Debug|Any CPU
		{3B33E5F7-9B0E-408F-B800-43D04037AB82}.Release|Any CPU.ActiveCfg = Release|Any CPU
		{3B33E5F7-9B0E-408F-B800-43D04037AB82}.Release|Any CPU.Build.0 = Release|Any CPU
		{21836DE1-713C-4B3F-B321-1891E9348B15}.Debug|Any CPU.ActiveCfg = Debug|Any CPU
		{21836DE1-713C-4B3F-B321-1891E9348B15}.Debug|Any CPU.Build.0 = Debug|Any CPU
		{21836DE1-713C-4B3F-B321-1891E9348B15}.Release|Any CPU.ActiveCfg = Release|Any CPU
		{21836DE1-713C-4B3F-B321-1891E9348B15}.Release|Any CPU.Build.0 = Release|Any CPU
		{4C49B6F1-9D3F-479F-B075-121BA61A2FF0}.Debug|Any CPU.ActiveCfg = Debug|Any CPU
		{4C49B6F1-9D3F-479F-B075-121BA61A2FF0}.Debug|Any CPU.Build.0 = Debug|Any CPU
		{4C49B6F1-9D3F-479F-B075-121BA61A2FF0}.Release|Any CPU.ActiveCfg = Release|Any CPU
		{4C49B6F1-9D3F-479F-B075-121BA61A2FF0}.Release|Any CPU.Build.0 = Release|Any CPU
		{351B8B64-4E9D-48A5-8F84-33D3982A940B}.Debug|Any CPU.ActiveCfg = Debug|Any CPU
		{351B8B64-4E9D-48A5-8F84-33D3982A940B}.Debug|Any CPU.Build.0 = Debug|Any CPU
		{351B8B64-4E9D-48A5-8F84-33D3982A940B}.Release|Any CPU.ActiveCfg = Release|Any CPU
		{351B8B64-4E9D-48A5-8F84-33D3982A940B}.Release|Any CPU.Build.0 = Release|Any CPU
		{6622CE8F-93D7-490C-A35C-E0779A2D3E0C}.Debug|Any CPU.ActiveCfg = Debug|Any CPU
		{6622CE8F-93D7-490C-A35C-E0779A2D3E0C}.Debug|Any CPU.Build.0 = Debug|Any CPU
		{6622CE8F-93D7-490C-A35C-E0779A2D3E0C}.Release|Any CPU.ActiveCfg = Release|Any CPU
		{6622CE8F-93D7-490C-A35C-E0779A2D3E0C}.Release|Any CPU.Build.0 = Release|Any CPU
		{6D43FBBB-6CF4-4DD3-97F0-3A2E47B1893D}.Debug|Any CPU.ActiveCfg = Debug|Any CPU
		{6D43FBBB-6CF4-4DD3-97F0-3A2E47B1893D}.Debug|Any CPU.Build.0 = Debug|Any CPU
		{6D43FBBB-6CF4-4DD3-97F0-3A2E47B1893D}.Release|Any CPU.ActiveCfg = Release|Any CPU
		{6D43FBBB-6CF4-4DD3-97F0-3A2E47B1893D}.Release|Any CPU.Build.0 = Release|Any CPU
		{17740CD9-54C1-454F-8294-A5E58E8C22D8}.Debug|Any CPU.ActiveCfg = Debug|Any CPU
		{17740CD9-54C1-454F-8294-A5E58E8C22D8}.Debug|Any CPU.Build.0 = Debug|Any CPU
		{17740CD9-54C1-454F-8294-A5E58E8C22D8}.Release|Any CPU.ActiveCfg = Release|Any CPU
		{17740CD9-54C1-454F-8294-A5E58E8C22D8}.Release|Any CPU.Build.0 = Release|Any CPU
		{452F9E66-3DBB-4772-972E-DF8A3BFE90F4}.Debug|Any CPU.ActiveCfg = Debug|Any CPU
		{452F9E66-3DBB-4772-972E-DF8A3BFE90F4}.Debug|Any CPU.Build.0 = Debug|Any CPU
		{452F9E66-3DBB-4772-972E-DF8A3BFE90F4}.Release|Any CPU.ActiveCfg = Release|Any CPU
		{452F9E66-3DBB-4772-972E-DF8A3BFE90F4}.Release|Any CPU.Build.0 = Release|Any CPU
		{C9DD2DB9-042D-4BE7-8488-A7BD0178199B}.Debug|Any CPU.ActiveCfg = Debug|Any CPU
		{C9DD2DB9-042D-4BE7-8488-A7BD0178199B}.Debug|Any CPU.Build.0 = Debug|Any CPU
		{C9DD2DB9-042D-4BE7-8488-A7BD0178199B}.Release|Any CPU.ActiveCfg = Release|Any CPU
		{C9DD2DB9-042D-4BE7-8488-A7BD0178199B}.Release|Any CPU.Build.0 = Release|Any CPU
		{6CB8F094-2E45-4BBE-95D7-8003A2F9ABE0}.Debug|Any CPU.ActiveCfg = Debug|Any CPU
		{6CB8F094-2E45-4BBE-95D7-8003A2F9ABE0}.Debug|Any CPU.Build.0 = Debug|Any CPU
		{6CB8F094-2E45-4BBE-95D7-8003A2F9ABE0}.Release|Any CPU.ActiveCfg = Release|Any CPU
		{6CB8F094-2E45-4BBE-95D7-8003A2F9ABE0}.Release|Any CPU.Build.0 = Release|Any CPU
	EndGlobalSection
	GlobalSection(SolutionProperties) = preSolution
		HideSolutionNode = FALSE
	EndGlobalSection
	GlobalSection(ExtensibilityGlobals) = postSolution
		SolutionGuid = {12041121-ACE9-430D-9A35-D96D729BCDFD}
	EndGlobalSection
	GlobalSection(NestedProjects) = preSolution
		{4C49B6F1-9D3F-479F-B075-121BA61A2FF0} = {E73D1834-6B9B-4999-9235-4467C9B21B16}
		{351B8B64-4E9D-48A5-8F84-33D3982A940B} = {E73D1834-6B9B-4999-9235-4467C9B21B16}
		{6246AE2A-5CD2-4E62-8E93-99008EFBFAE6} = {E73D1834-6B9B-4999-9235-4467C9B21B16}
		{21836DE1-713C-4B3F-B321-1891E9348B15} = {E73D1834-6B9B-4999-9235-4467C9B21B16}
		{7329B776-EA1E-4160-B549-421BC78BCEDE} = {E73D1834-6B9B-4999-9235-4467C9B21B16}
		{9370D7B5-DB02-4F61-B495-121586C8531C} = {8F03998F-A1F9-468E-B119-D9675ED30715}
		{17072BA0-D7B1-4B0B-BBB8-4AF482A62C4C} = {8F03998F-A1F9-468E-B119-D9675ED30715}
		{DCCFF58E-2D34-416D-B81E-73730449D3F5} = {8F03998F-A1F9-468E-B119-D9675ED30715}
		{FA604CB0-4DDA-4B56-9EB8-0616A2DBE8C2} = {FF9BFFED-F983-40FE-8E4D-D082F77BF32F}
		{A2E5FC6F-0D51-48A5-98A6-EB93CE5F613B} = {FF9BFFED-F983-40FE-8E4D-D082F77BF32F}
		{2BA85AB1-4AF3-43AE-9132-E6B93EF48DDE} = {FF9BFFED-F983-40FE-8E4D-D082F77BF32F}
		{F230DB59-9EC2-462D-87F6-D72FC0A0141E} = {FF9BFFED-F983-40FE-8E4D-D082F77BF32F}
		{56C7DD7F-49B5-4045-A713-69249AB77F1D} = {FA604CB0-4DDA-4B56-9EB8-0616A2DBE8C2}
		{9423ACB9-DAE6-4271-8EAB-E4343E6CDA05} = {2BA85AB1-4AF3-43AE-9132-E6B93EF48DDE}
		{FFA8BB15-E62C-458E-AC06-9CBE1C441B3C} = {F230DB59-9EC2-462D-87F6-D72FC0A0141E}
		{02F28360-DD6D-4269-9A53-D00D5EDF6DBF} = {F230DB59-9EC2-462D-87F6-D72FC0A0141E}
		{2E3BE1F1-FB30-46BC-9CB9-3E7A939C5706} = {A2E5FC6F-0D51-48A5-98A6-EB93CE5F613B}
		{66CF5D38-D283-47F1-8810-7E18EFC6DE67} = {A2E5FC6F-0D51-48A5-98A6-EB93CE5F613B}
		{37E9B3B2-0A2A-4AB0-A6EC-06172AF44BF4} = {66CF5D38-D283-47F1-8810-7E18EFC6DE67}
		{0AF10E6F-E8D5-4EC2-B8FA-25294EDB6D08} = {2E3BE1F1-FB30-46BC-9CB9-3E7A939C5706}
		{93BC7F18-F9C8-4DF9-9516-A23A605C7D63} = {0E96DDD7-3B9A-4227-9428-9511C3CE0BBF}
		{EB99AA08-CE71-405E-88BF-ED057148E167} = {0E96DDD7-3B9A-4227-9428-9511C3CE0BBF}
		{2C4CD20D-51C4-45BC-8C00-970ABD8B03BE} = {0E96DDD7-3B9A-4227-9428-9511C3CE0BBF}
		{36333C8F-1A90-4986-BB1D-D8326D8508E0} = {0E96DDD7-3B9A-4227-9428-9511C3CE0BBF}
		{9CB344E2-4FFB-4A61-A003-CFCE1574B732} = {36333C8F-1A90-4986-BB1D-D8326D8508E0}
		{1D6731FA-283F-4597-82E3-5B08A0CDB9F7} = {36333C8F-1A90-4986-BB1D-D8326D8508E0}
		{3B33E5F7-9B0E-408F-B800-43D04037AB82} = {2C4CD20D-51C4-45BC-8C00-970ABD8B03BE}
		{00F58E09-D8B4-4501-8CD9-4BCA2C1F2C13} = {EB99AA08-CE71-405E-88BF-ED057148E167}
		{7DC9C00C-6692-42C6-AA48-A13EB9449784} = {EB99AA08-CE71-405E-88BF-ED057148E167}
		{0928F64F-2F79-4082-9282-7B2FD5F125FE} = {93BC7F18-F9C8-4DF9-9516-A23A605C7D63}
		{4CFDC479-F8F5-42B3-8F19-14965DC14465} = {0928F64F-2F79-4082-9282-7B2FD5F125FE}
		{6622CE8F-93D7-490C-A35C-E0779A2D3E0C} = {E73D1834-6B9B-4999-9235-4467C9B21B16}
		{F0574BAF-C4B0-4A3E-AF5B-5B18616B74A6} = {A2E5FC6F-0D51-48A5-98A6-EB93CE5F613B}
		{6D43FBBB-6CF4-4DD3-97F0-3A2E47B1893D} = {F0574BAF-C4B0-4A3E-AF5B-5B18616B74A6}
		{17740CD9-54C1-454F-8294-A5E58E8C22D8} = {E73D1834-6B9B-4999-9235-4467C9B21B16}
		{452F9E66-3DBB-4772-972E-DF8A3BFE90F4} = {E73D1834-6B9B-4999-9235-4467C9B21B16}
		{C9DD2DB9-042D-4BE7-8488-A7BD0178199B} = {E73D1834-6B9B-4999-9235-4467C9B21B16}
		{6CB8F094-2E45-4BBE-95D7-8003A2F9ABE0} = {E73D1834-6B9B-4999-9235-4467C9B21B16}
	EndGlobalSection
EndGlobal
